// !$*UTF8*$!
{
	archiveVersion = 1;
	classes = {
	};
	objectVersion = 55;
	objects = {

/* Begin PBXBuildFile section */
		DF1161B627F9FA38009B46DD /* APICaller.swift in Sources */ = {isa = PBXBuildFile; fileRef = DF1161B527F9FA38009B46DD /* APICaller.swift */; };
		DF1161B827F9FA4D009B46DD /* PersistenceManager.swift in Sources */ = {isa = PBXBuildFile; fileRef = DF1161B727F9FA4D009B46DD /* PersistenceManager.swift */; };
		DF1161BA27F9FB81009B46DD /* HapticsManager.swift in Sources */ = {isa = PBXBuildFile; fileRef = DF1161B927F9FB81009B46DD /* HapticsManager.swift */; };
		DF4F470A27F9F0210054C3B3 /* AppDelegate.swift in Sources */ = {isa = PBXBuildFile; fileRef = DF4F470927F9F0210054C3B3 /* AppDelegate.swift */; };
		DF4F470C27F9F0210054C3B3 /* SceneDelegate.swift in Sources */ = {isa = PBXBuildFile; fileRef = DF4F470B27F9F0210054C3B3 /* SceneDelegate.swift */; };
		DF4F470E27F9F0210054C3B3 /* WatchListViewController.swift in Sources */ = {isa = PBXBuildFile; fileRef = DF4F470D27F9F0210054C3B3 /* WatchListViewController.swift */; };
		DF4F471427F9F0210054C3B3 /* PR_Invest.xcdatamodeld in Sources */ = {isa = PBXBuildFile; fileRef = DF4F471227F9F0210054C3B3 /* PR_Invest.xcdatamodeld */; };
		DF4F471627F9F0220054C3B3 /* Assets.xcassets in Resources */ = {isa = PBXBuildFile; fileRef = DF4F471527F9F0220054C3B3 /* Assets.xcassets */; };
		DF4F471927F9F0220054C3B3 /* LaunchScreen.storyboard in Resources */ = {isa = PBXBuildFile; fileRef = DF4F471727F9F0220054C3B3 /* LaunchScreen.storyboard */; };
		DF4F472427F9F0220054C3B3 /* PR_InvestTests.swift in Sources */ = {isa = PBXBuildFile; fileRef = DF4F472327F9F0220054C3B3 /* PR_InvestTests.swift */; };
		DF4F472E27F9F0220054C3B3 /* PR_InvestUITests.swift in Sources */ = {isa = PBXBuildFile; fileRef = DF4F472D27F9F0220054C3B3 /* PR_InvestUITests.swift */; };
		DF4F473027F9F0220054C3B3 /* PR_InvestUITestsLaunchTests.swift in Sources */ = {isa = PBXBuildFile; fileRef = DF4F472F27F9F0220054C3B3 /* PR_InvestUITestsLaunchTests.swift */; };
		DF4F474427F9F3BC0054C3B3 /* TopStoriesViewController.swift in Sources */ = {isa = PBXBuildFile; fileRef = DF4F474327F9F3BC0054C3B3 /* TopStoriesViewController.swift */; };
		DF4F474627F9F66A0054C3B3 /* SearchResultsViewController.swift in Sources */ = {isa = PBXBuildFile; fileRef = DF4F474527F9F66A0054C3B3 /* SearchResultsViewController.swift */; };
		DF4F474827F9F75D0054C3B3 /* StockDetailsViewController.swift in Sources */ = {isa = PBXBuildFile; fileRef = DF4F474727F9F75D0054C3B3 /* StockDetailsViewController.swift */; };
/* End PBXBuildFile section */

/* Begin PBXContainerItemProxy section */
		DF4F472027F9F0220054C3B3 /* PBXContainerItemProxy */ = {
			isa = PBXContainerItemProxy;
			containerPortal = DF4F46FE27F9F0210054C3B3 /* Project object */;
			proxyType = 1;
			remoteGlobalIDString = DF4F470527F9F0210054C3B3;
			remoteInfo = "PR-Invest";
		};
		DF4F472A27F9F0220054C3B3 /* PBXContainerItemProxy */ = {
			isa = PBXContainerItemProxy;
			containerPortal = DF4F46FE27F9F0210054C3B3 /* Project object */;
			proxyType = 1;
			remoteGlobalIDString = DF4F470527F9F0210054C3B3;
			remoteInfo = "PR-Invest";
		};
/* End PBXContainerItemProxy section */

/* Begin PBXFileReference section */
		DF1161B527F9FA38009B46DD /* APICaller.swift */ = {isa = PBXFileReference; lastKnownFileType = sourcecode.swift; path = APICaller.swift; sourceTree = "<group>"; };
		DF1161B727F9FA4D009B46DD /* PersistenceManager.swift */ = {isa = PBXFileReference; lastKnownFileType = sourcecode.swift; path = PersistenceManager.swift; sourceTree = "<group>"; };
		DF1161B927F9FB81009B46DD /* HapticsManager.swift */ = {isa = PBXFileReference; lastKnownFileType = sourcecode.swift; path = HapticsManager.swift; sourceTree = "<group>"; };
		DF4F470627F9F0210054C3B3 /* PR-Invest.app */ = {isa = PBXFileReference; explicitFileType = wrapper.application; includeInIndex = 0; path = "PR-Invest.app"; sourceTree = BUILT_PRODUCTS_DIR; };
		DF4F470927F9F0210054C3B3 /* AppDelegate.swift */ = {isa = PBXFileReference; lastKnownFileType = sourcecode.swift; path = AppDelegate.swift; sourceTree = "<group>"; };
		DF4F470B27F9F0210054C3B3 /* SceneDelegate.swift */ = {isa = PBXFileReference; lastKnownFileType = sourcecode.swift; path = SceneDelegate.swift; sourceTree = "<group>"; };
		DF4F470D27F9F0210054C3B3 /* WatchListViewController.swift */ = {isa = PBXFileReference; lastKnownFileType = sourcecode.swift; path = WatchListViewController.swift; sourceTree = "<group>"; };
		DF4F471327F9F0210054C3B3 /* PR_Invest.xcdatamodel */ = {isa = PBXFileReference; lastKnownFileType = wrapper.xcdatamodel; path = PR_Invest.xcdatamodel; sourceTree = "<group>"; };
		DF4F471527F9F0220054C3B3 /* Assets.xcassets */ = {isa = PBXFileReference; lastKnownFileType = folder.assetcatalog; path = Assets.xcassets; sourceTree = "<group>"; };
		DF4F471827F9F0220054C3B3 /* Base */ = {isa = PBXFileReference; lastKnownFileType = file.storyboard; name = Base; path = Base.lproj/LaunchScreen.storyboard; sourceTree = "<group>"; };
		DF4F471A27F9F0220054C3B3 /* Info.plist */ = {isa = PBXFileReference; lastKnownFileType = text.plist.xml; path = Info.plist; sourceTree = "<group>"; };
		DF4F471F27F9F0220054C3B3 /* PR-InvestTests.xctest */ = {isa = PBXFileReference; explicitFileType = wrapper.cfbundle; includeInIndex = 0; path = "PR-InvestTests.xctest"; sourceTree = BUILT_PRODUCTS_DIR; };
		DF4F472327F9F0220054C3B3 /* PR_InvestTests.swift */ = {isa = PBXFileReference; lastKnownFileType = sourcecode.swift; path = PR_InvestTests.swift; sourceTree = "<group>"; };
		DF4F472927F9F0220054C3B3 /* PR-InvestUITests.xctest */ = {isa = PBXFileReference; explicitFileType = wrapper.cfbundle; includeInIndex = 0; path = "PR-InvestUITests.xctest"; sourceTree = BUILT_PRODUCTS_DIR; };
		DF4F472D27F9F0220054C3B3 /* PR_InvestUITests.swift */ = {isa = PBXFileReference; lastKnownFileType = sourcecode.swift; path = PR_InvestUITests.swift; sourceTree = "<group>"; };
		DF4F472F27F9F0220054C3B3 /* PR_InvestUITestsLaunchTests.swift */ = {isa = PBXFileReference; lastKnownFileType = sourcecode.swift; path = PR_InvestUITestsLaunchTests.swift; sourceTree = "<group>"; };
		DF4F474327F9F3BC0054C3B3 /* TopStoriesViewController.swift */ = {isa = PBXFileReference; lastKnownFileType = sourcecode.swift; path = TopStoriesViewController.swift; sourceTree = "<group>"; };
		DF4F474527F9F66A0054C3B3 /* SearchResultsViewController.swift */ = {isa = PBXFileReference; lastKnownFileType = sourcecode.swift; path = SearchResultsViewController.swift; sourceTree = "<group>"; };
		DF4F474727F9F75D0054C3B3 /* StockDetailsViewController.swift */ = {isa = PBXFileReference; lastKnownFileType = sourcecode.swift; path = StockDetailsViewController.swift; sourceTree = "<group>"; };
/* End PBXFileReference section */

/* Begin PBXFrameworksBuildPhase section */
		DF4F470327F9F0210054C3B3 /* Frameworks */ = {
			isa = PBXFrameworksBuildPhase;
			buildActionMask = 2147483647;
			files = (
			);
			runOnlyForDeploymentPostprocessing = 0;
		};
		DF4F471C27F9F0220054C3B3 /* Frameworks */ = {
			isa = PBXFrameworksBuildPhase;
			buildActionMask = 2147483647;
			files = (
			);
			runOnlyForDeploymentPostprocessing = 0;
		};
		DF4F472627F9F0220054C3B3 /* Frameworks */ = {
			isa = PBXFrameworksBuildPhase;
			buildActionMask = 2147483647;
			files = (
			);
			runOnlyForDeploymentPostprocessing = 0;
		};
/* End PBXFrameworksBuildPhase section */

/* Begin PBXGroup section */
		DF4F46FD27F9F0210054C3B3 = {
			isa = PBXGroup;
			children = (
				DF4F470827F9F0210054C3B3 /* PR-Invest */,
				DF4F472227F9F0220054C3B3 /* PR-InvestTests */,
				DF4F472C27F9F0220054C3B3 /* PR-InvestUITests */,
				DF4F470727F9F0210054C3B3 /* Products */,
			);
			sourceTree = "<group>";
		};
		DF4F470727F9F0210054C3B3 /* Products */ = {
			isa = PBXGroup;
			children = (
				DF4F470627F9F0210054C3B3 /* PR-Invest.app */,
				DF4F471F27F9F0220054C3B3 /* PR-InvestTests.xctest */,
				DF4F472927F9F0220054C3B3 /* PR-InvestUITests.xctest */,
			);
			name = Products;
			sourceTree = "<group>";
		};
		DF4F470827F9F0210054C3B3 /* PR-Invest */ = {
			isa = PBXGroup;
			children = (
				DF4F473C27F9F24A0054C3B3 /* Application */,
				DF4F473F27F9F2790054C3B3 /* Managers */,
				DF4F473E27F9F2700054C3B3 /* Models */,
				DF4F473D27F9F2670054C3B3 /* Views */,
				DF4F474227F9F2FC0054C3B3 /* Controllers */,
				DF4F474127F9F2E30054C3B3 /* CoreData */,
				DF4F474027F9F2CD0054C3B3 /* Resources */,
			);
			path = "PR-Invest";
			sourceTree = "<group>";
		};
		DF4F472227F9F0220054C3B3 /* PR-InvestTests */ = {
			isa = PBXGroup;
			children = (
				DF4F472327F9F0220054C3B3 /* PR_InvestTests.swift */,
			);
			path = "PR-InvestTests";
			sourceTree = "<group>";
		};
		DF4F472C27F9F0220054C3B3 /* PR-InvestUITests */ = {
			isa = PBXGroup;
			children = (
				DF4F472D27F9F0220054C3B3 /* PR_InvestUITests.swift */,
				DF4F472F27F9F0220054C3B3 /* PR_InvestUITestsLaunchTests.swift */,
			);
			path = "PR-InvestUITests";
			sourceTree = "<group>";
		};
		DF4F473C27F9F24A0054C3B3 /* Application */ = {
			isa = PBXGroup;
			children = (
				DF4F470927F9F0210054C3B3 /* AppDelegate.swift */,
				DF4F470B27F9F0210054C3B3 /* SceneDelegate.swift */,
				DF4F471727F9F0220054C3B3 /* LaunchScreen.storyboard */,
			);
			path = Application;
			sourceTree = "<group>";
		};
		DF4F473D27F9F2670054C3B3 /* Views */ = {
			isa = PBXGroup;
			children = (
			);
			path = Views;
			sourceTree = "<group>";
		};
		DF4F473E27F9F2700054C3B3 /* Models */ = {
			isa = PBXGroup;
			children = (
			);
			path = Models;
			sourceTree = "<group>";
		};
		DF4F473F27F9F2790054C3B3 /* Managers */ = {
			isa = PBXGroup;
			children = (
				DF1161B527F9FA38009B46DD /* APICaller.swift */,
				DF1161B727F9FA4D009B46DD /* PersistenceManager.swift */,
				DF1161B927F9FB81009B46DD /* HapticsManager.swift */,
			);
			path = Managers;
			sourceTree = "<group>";
		};
		DF4F474027F9F2CD0054C3B3 /* Resources */ = {
			isa = PBXGroup;
			children = (
				DF4F471A27F9F0220054C3B3 /* Info.plist */,
				DF4F471527F9F0220054C3B3 /* Assets.xcassets */,
			);
			path = Resources;
			sourceTree = "<group>";
		};
		DF4F474127F9F2E30054C3B3 /* CoreData */ = {
			isa = PBXGroup;
			children = (
				DF4F471227F9F0210054C3B3 /* PR_Invest.xcdatamodeld */,
			);
			path = CoreData;
			sourceTree = "<group>";
		};
		DF4F474227F9F2FC0054C3B3 /* Controllers */ = {
			isa = PBXGroup;
			children = (
				DF4F470D27F9F0210054C3B3 /* WatchListViewController.swift */,
				DF4F474327F9F3BC0054C3B3 /* TopStoriesViewController.swift */,
				DF4F474527F9F66A0054C3B3 /* SearchResultsViewController.swift */,
				DF4F474727F9F75D0054C3B3 /* StockDetailsViewController.swift */,
			);
			path = Controllers;
			sourceTree = "<group>";
		};
/* End PBXGroup section */

/* Begin PBXNativeTarget section */
		DF4F470527F9F0210054C3B3 /* PR-Invest */ = {
			isa = PBXNativeTarget;
			buildConfigurationList = DF4F473327F9F0220054C3B3 /* Build configuration list for PBXNativeTarget "PR-Invest" */;
			buildPhases = (
				DF4F470227F9F0210054C3B3 /* Sources */,
				DF4F470327F9F0210054C3B3 /* Frameworks */,
				DF4F470427F9F0210054C3B3 /* Resources */,
			);
			buildRules = (
			);
			dependencies = (
			);
			name = "PR-Invest";
			productName = "PR-Invest";
			productReference = DF4F470627F9F0210054C3B3 /* PR-Invest.app */;
			productType = "com.apple.product-type.application";
		};
		DF4F471E27F9F0220054C3B3 /* PR-InvestTests */ = {
			isa = PBXNativeTarget;
			buildConfigurationList = DF4F473627F9F0220054C3B3 /* Build configuration list for PBXNativeTarget "PR-InvestTests" */;
			buildPhases = (
				DF4F471B27F9F0220054C3B3 /* Sources */,
				DF4F471C27F9F0220054C3B3 /* Frameworks */,
				DF4F471D27F9F0220054C3B3 /* Resources */,
			);
			buildRules = (
			);
			dependencies = (
				DF4F472127F9F0220054C3B3 /* PBXTargetDependency */,
			);
			name = "PR-InvestTests";
			productName = "PR-InvestTests";
			productReference = DF4F471F27F9F0220054C3B3 /* PR-InvestTests.xctest */;
			productType = "com.apple.product-type.bundle.unit-test";
		};
		DF4F472827F9F0220054C3B3 /* PR-InvestUITests */ = {
			isa = PBXNativeTarget;
			buildConfigurationList = DF4F473927F9F0220054C3B3 /* Build configuration list for PBXNativeTarget "PR-InvestUITests" */;
			buildPhases = (
				DF4F472527F9F0220054C3B3 /* Sources */,
				DF4F472627F9F0220054C3B3 /* Frameworks */,
				DF4F472727F9F0220054C3B3 /* Resources */,
			);
			buildRules = (
			);
			dependencies = (
				DF4F472B27F9F0220054C3B3 /* PBXTargetDependency */,
			);
			name = "PR-InvestUITests";
			productName = "PR-InvestUITests";
			productReference = DF4F472927F9F0220054C3B3 /* PR-InvestUITests.xctest */;
			productType = "com.apple.product-type.bundle.ui-testing";
		};
/* End PBXNativeTarget section */

/* Begin PBXProject section */
		DF4F46FE27F9F0210054C3B3 /* Project object */ = {
			isa = PBXProject;
			attributes = {
				BuildIndependentTargetsInParallel = 1;
				LastSwiftUpdateCheck = 1330;
				LastUpgradeCheck = 1330;
				TargetAttributes = {
					DF4F470527F9F0210054C3B3 = {
						CreatedOnToolsVersion = 13.3;
					};
					DF4F471E27F9F0220054C3B3 = {
						CreatedOnToolsVersion = 13.3;
						TestTargetID = DF4F470527F9F0210054C3B3;
					};
					DF4F472827F9F0220054C3B3 = {
						CreatedOnToolsVersion = 13.3;
						TestTargetID = DF4F470527F9F0210054C3B3;
					};
				};
			};
			buildConfigurationList = DF4F470127F9F0210054C3B3 /* Build configuration list for PBXProject "PR-Invest" */;
			compatibilityVersion = "Xcode 13.0";
			developmentRegion = en;
			hasScannedForEncodings = 0;
			knownRegions = (
				en,
				Base,
			);
			mainGroup = DF4F46FD27F9F0210054C3B3;
			productRefGroup = DF4F470727F9F0210054C3B3 /* Products */;
			projectDirPath = "";
			projectRoot = "";
			targets = (
				DF4F470527F9F0210054C3B3 /* PR-Invest */,
				DF4F471E27F9F0220054C3B3 /* PR-InvestTests */,
				DF4F472827F9F0220054C3B3 /* PR-InvestUITests */,
			);
		};
/* End PBXProject section */

/* Begin PBXResourcesBuildPhase section */
		DF4F470427F9F0210054C3B3 /* Resources */ = {
			isa = PBXResourcesBuildPhase;
			buildActionMask = 2147483647;
			files = (
				DF4F471927F9F0220054C3B3 /* LaunchScreen.storyboard in Resources */,
				DF4F471627F9F0220054C3B3 /* Assets.xcassets in Resources */,
			);
			runOnlyForDeploymentPostprocessing = 0;
		};
		DF4F471D27F9F0220054C3B3 /* Resources */ = {
			isa = PBXResourcesBuildPhase;
			buildActionMask = 2147483647;
			files = (
			);
			runOnlyForDeploymentPostprocessing = 0;
		};
		DF4F472727F9F0220054C3B3 /* Resources */ = {
			isa = PBXResourcesBuildPhase;
			buildActionMask = 2147483647;
			files = (
			);
			runOnlyForDeploymentPostprocessing = 0;
		};
/* End PBXResourcesBuildPhase section */

/* Begin PBXSourcesBuildPhase section */
		DF4F470227F9F0210054C3B3 /* Sources */ = {
			isa = PBXSourcesBuildPhase;
			buildActionMask = 2147483647;
			files = (
				DF4F474427F9F3BC0054C3B3 /* TopStoriesViewController.swift in Sources */,
				DF4F474627F9F66A0054C3B3 /* SearchResultsViewController.swift in Sources */,
				DF4F471427F9F0210054C3B3 /* PR_Invest.xcdatamodeld in Sources */,
				DF1161B827F9FA4D009B46DD /* PersistenceManager.swift in Sources */,
				DF4F470E27F9F0210054C3B3 /* WatchListViewController.swift in Sources */,
				DF4F474827F9F75D0054C3B3 /* StockDetailsViewController.swift in Sources */,
				DF4F470A27F9F0210054C3B3 /* AppDelegate.swift in Sources */,
				DF4F470C27F9F0210054C3B3 /* SceneDelegate.swift in Sources */,
				DF1161BA27F9FB81009B46DD /* HapticsManager.swift in Sources */,
				DF1161B627F9FA38009B46DD /* APICaller.swift in Sources */,
			);
			runOnlyForDeploymentPostprocessing = 0;
		};
		DF4F471B27F9F0220054C3B3 /* Sources */ = {
			isa = PBXSourcesBuildPhase;
			buildActionMask = 2147483647;
			files = (
				DF4F472427F9F0220054C3B3 /* PR_InvestTests.swift in Sources */,
			);
			runOnlyForDeploymentPostprocessing = 0;
		};
		DF4F472527F9F0220054C3B3 /* Sources */ = {
			isa = PBXSourcesBuildPhase;
			buildActionMask = 2147483647;
			files = (
				DF4F472E27F9F0220054C3B3 /* PR_InvestUITests.swift in Sources */,
				DF4F473027F9F0220054C3B3 /* PR_InvestUITestsLaunchTests.swift in Sources */,
			);
			runOnlyForDeploymentPostprocessing = 0;
		};
/* End PBXSourcesBuildPhase section */

/* Begin PBXTargetDependency section */
		DF4F472127F9F0220054C3B3 /* PBXTargetDependency */ = {
			isa = PBXTargetDependency;
			target = DF4F470527F9F0210054C3B3 /* PR-Invest */;
			targetProxy = DF4F472027F9F0220054C3B3 /* PBXContainerItemProxy */;
		};
		DF4F472B27F9F0220054C3B3 /* PBXTargetDependency */ = {
			isa = PBXTargetDependency;
			target = DF4F470527F9F0210054C3B3 /* PR-Invest */;
			targetProxy = DF4F472A27F9F0220054C3B3 /* PBXContainerItemProxy */;
		};
/* End PBXTargetDependency section */

/* Begin PBXVariantGroup section */
		DF4F471727F9F0220054C3B3 /* LaunchScreen.storyboard */ = {
			isa = PBXVariantGroup;
			children = (
				DF4F471827F9F0220054C3B3 /* Base */,
			);
			name = LaunchScreen.storyboard;
			sourceTree = "<group>";
		};
/* End PBXVariantGroup section */

/* Begin XCBuildConfiguration section */
		DF4F473127F9F0220054C3B3 /* Debug */ = {
			isa = XCBuildConfiguration;
			buildSettings = {
				ALWAYS_SEARCH_USER_PATHS = NO;
				CLANG_ANALYZER_NONNULL = YES;
				CLANG_ANALYZER_NUMBER_OBJECT_CONVERSION = YES_AGGRESSIVE;
				CLANG_CXX_LANGUAGE_STANDARD = "gnu++17";
				CLANG_ENABLE_MODULES = YES;
				CLANG_ENABLE_OBJC_ARC = YES;
				CLANG_ENABLE_OBJC_WEAK = YES;
				CLANG_WARN_BLOCK_CAPTURE_AUTORELEASING = YES;
				CLANG_WARN_BOOL_CONVERSION = YES;
				CLANG_WARN_COMMA = YES;
				CLANG_WARN_CONSTANT_CONVERSION = YES;
				CLANG_WARN_DEPRECATED_OBJC_IMPLEMENTATIONS = YES;
				CLANG_WARN_DIRECT_OBJC_ISA_USAGE = YES_ERROR;
				CLANG_WARN_DOCUMENTATION_COMMENTS = YES;
				CLANG_WARN_EMPTY_BODY = YES;
				CLANG_WARN_ENUM_CONVERSION = YES;
				CLANG_WARN_INFINITE_RECURSION = YES;
				CLANG_WARN_INT_CONVERSION = YES;
				CLANG_WARN_NON_LITERAL_NULL_CONVERSION = YES;
				CLANG_WARN_OBJC_IMPLICIT_RETAIN_SELF = YES;
				CLANG_WARN_OBJC_LITERAL_CONVERSION = YES;
				CLANG_WARN_OBJC_ROOT_CLASS = YES_ERROR;
				CLANG_WARN_QUOTED_INCLUDE_IN_FRAMEWORK_HEADER = YES;
				CLANG_WARN_RANGE_LOOP_ANALYSIS = YES;
				CLANG_WARN_STRICT_PROTOTYPES = YES;
				CLANG_WARN_SUSPICIOUS_MOVE = YES;
				CLANG_WARN_UNGUARDED_AVAILABILITY = YES_AGGRESSIVE;
				CLANG_WARN_UNREACHABLE_CODE = YES;
				CLANG_WARN__DUPLICATE_METHOD_MATCH = YES;
				COPY_PHASE_STRIP = NO;
				DEBUG_INFORMATION_FORMAT = dwarf;
				ENABLE_STRICT_OBJC_MSGSEND = YES;
				ENABLE_TESTABILITY = YES;
				GCC_C_LANGUAGE_STANDARD = gnu11;
				GCC_DYNAMIC_NO_PIC = NO;
				GCC_NO_COMMON_BLOCKS = YES;
				GCC_OPTIMIZATION_LEVEL = 0;
				GCC_PREPROCESSOR_DEFINITIONS = (
					"DEBUG=1",
					"$(inherited)",
				);
				GCC_WARN_64_TO_32_BIT_CONVERSION = YES;
				GCC_WARN_ABOUT_RETURN_TYPE = YES_ERROR;
				GCC_WARN_UNDECLARED_SELECTOR = YES;
				GCC_WARN_UNINITIALIZED_AUTOS = YES_AGGRESSIVE;
				GCC_WARN_UNUSED_FUNCTION = YES;
				GCC_WARN_UNUSED_VARIABLE = YES;
				IPHONEOS_DEPLOYMENT_TARGET = 15.4;
				MTL_ENABLE_DEBUG_INFO = INCLUDE_SOURCE;
				MTL_FAST_MATH = YES;
				ONLY_ACTIVE_ARCH = YES;
				SDKROOT = iphoneos;
				SWIFT_ACTIVE_COMPILATION_CONDITIONS = DEBUG;
				SWIFT_OPTIMIZATION_LEVEL = "-Onone";
			};
			name = Debug;
		};
		DF4F473227F9F0220054C3B3 /* Release */ = {
			isa = XCBuildConfiguration;
			buildSettings = {
				ALWAYS_SEARCH_USER_PATHS = NO;
				CLANG_ANALYZER_NONNULL = YES;
				CLANG_ANALYZER_NUMBER_OBJECT_CONVERSION = YES_AGGRESSIVE;
				CLANG_CXX_LANGUAGE_STANDARD = "gnu++17";
				CLANG_ENABLE_MODULES = YES;
				CLANG_ENABLE_OBJC_ARC = YES;
				CLANG_ENABLE_OBJC_WEAK = YES;
				CLANG_WARN_BLOCK_CAPTURE_AUTORELEASING = YES;
				CLANG_WARN_BOOL_CONVERSION = YES;
				CLANG_WARN_COMMA = YES;
				CLANG_WARN_CONSTANT_CONVERSION = YES;
				CLANG_WARN_DEPRECATED_OBJC_IMPLEMENTATIONS = YES;
				CLANG_WARN_DIRECT_OBJC_ISA_USAGE = YES_ERROR;
				CLANG_WARN_DOCUMENTATION_COMMENTS = YES;
				CLANG_WARN_EMPTY_BODY = YES;
				CLANG_WARN_ENUM_CONVERSION = YES;
				CLANG_WARN_INFINITE_RECURSION = YES;
				CLANG_WARN_INT_CONVERSION = YES;
				CLANG_WARN_NON_LITERAL_NULL_CONVERSION = YES;
				CLANG_WARN_OBJC_IMPLICIT_RETAIN_SELF = YES;
				CLANG_WARN_OBJC_LITERAL_CONVERSION = YES;
				CLANG_WARN_OBJC_ROOT_CLASS = YES_ERROR;
				CLANG_WARN_QUOTED_INCLUDE_IN_FRAMEWORK_HEADER = YES;
				CLANG_WARN_RANGE_LOOP_ANALYSIS = YES;
				CLANG_WARN_STRICT_PROTOTYPES = YES;
				CLANG_WARN_SUSPICIOUS_MOVE = YES;
				CLANG_WARN_UNGUARDED_AVAILABILITY = YES_AGGRESSIVE;
				CLANG_WARN_UNREACHABLE_CODE = YES;
				CLANG_WARN__DUPLICATE_METHOD_MATCH = YES;
				COPY_PHASE_STRIP = NO;
				DEBUG_INFORMATION_FORMAT = "dwarf-with-dsym";
				ENABLE_NS_ASSERTIONS = NO;
				ENABLE_STRICT_OBJC_MSGSEND = YES;
				GCC_C_LANGUAGE_STANDARD = gnu11;
				GCC_NO_COMMON_BLOCKS = YES;
				GCC_WARN_64_TO_32_BIT_CONVERSION = YES;
				GCC_WARN_ABOUT_RETURN_TYPE = YES_ERROR;
				GCC_WARN_UNDECLARED_SELECTOR = YES;
				GCC_WARN_UNINITIALIZED_AUTOS = YES_AGGRESSIVE;
				GCC_WARN_UNUSED_FUNCTION = YES;
				GCC_WARN_UNUSED_VARIABLE = YES;
				IPHONEOS_DEPLOYMENT_TARGET = 15.4;
				MTL_ENABLE_DEBUG_INFO = NO;
				MTL_FAST_MATH = YES;
				SDKROOT = iphoneos;
				SWIFT_COMPILATION_MODE = wholemodule;
				SWIFT_OPTIMIZATION_LEVEL = "-O";
				VALIDATE_PRODUCT = YES;
			};
			name = Release;
		};
		DF4F473427F9F0220054C3B3 /* Debug */ = {
			isa = XCBuildConfiguration;
			buildSettings = {
				ASSETCATALOG_COMPILER_APPICON_NAME = AppIcon;
				ASSETCATALOG_COMPILER_GLOBAL_ACCENT_COLOR_NAME = AccentColor;
				CODE_SIGN_STYLE = Automatic;
				CURRENT_PROJECT_VERSION = 1;
				DEVELOPMENT_TEAM = Z783FFF863;
				GENERATE_INFOPLIST_FILE = YES;
				INFOPLIST_FILE = "PR-Invest/Resources/Info.plist";
				INFOPLIST_KEY_UIApplicationSupportsIndirectInputEvents = YES;
				INFOPLIST_KEY_UILaunchStoryboardName = LaunchScreen;
				INFOPLIST_KEY_UISupportedInterfaceOrientations = UIInterfaceOrientationPortrait;
				INFOPLIST_KEY_UISupportedInterfaceOrientations_iPad = "UIInterfaceOrientationPortrait UIInterfaceOrientationPortraitUpsideDown UIInterfaceOrientationLandscapeLeft UIInterfaceOrientationLandscapeRight";
				INFOPLIST_KEY_UISupportedInterfaceOrientations_iPhone = "UIInterfaceOrientationPortrait UIInterfaceOrientationLandscapeLeft UIInterfaceOrientationLandscapeRight";
				IPHONEOS_DEPLOYMENT_TARGET = 13.0;
				LD_RUNPATH_SEARCH_PATHS = (
					"$(inherited)",
					"@executable_path/Frameworks",
				);
				MARKETING_VERSION = 1.0;
				PRODUCT_BUNDLE_IDENTIFIER = "com.EugeneDudkin.PR-Invest";
				PRODUCT_NAME = "$(TARGET_NAME)";
				SWIFT_EMIT_LOC_STRINGS = YES;
				SWIFT_VERSION = 5.0;
				TARGETED_DEVICE_FAMILY = 1;
			};
			name = Debug;
		};
		DF4F473527F9F0220054C3B3 /* Release */ = {
			isa = XCBuildConfiguration;
			buildSettings = {
				ASSETCATALOG_COMPILER_APPICON_NAME = AppIcon;
				ASSETCATALOG_COMPILER_GLOBAL_ACCENT_COLOR_NAME = AccentColor;
				CODE_SIGN_STYLE = Automatic;
				CURRENT_PROJECT_VERSION = 1;
				DEVELOPMENT_TEAM = Z783FFF863;
				GENERATE_INFOPLIST_FILE = YES;
				INFOPLIST_FILE = "PR-Invest/Resources/Info.plist";
				INFOPLIST_KEY_UIApplicationSupportsIndirectInputEvents = YES;
				INFOPLIST_KEY_UILaunchStoryboardName = LaunchScreen;
				INFOPLIST_KEY_UISupportedInterfaceOrientations = UIInterfaceOrientationPortrait;
				INFOPLIST_KEY_UISupportedInterfaceOrientations_iPad = "UIInterfaceOrientationPortrait UIInterfaceOrientationPortraitUpsideDown UIInterfaceOrientationLandscapeLeft UIInterfaceOrientationLandscapeRight";
				INFOPLIST_KEY_UISupportedInterfaceOrientations_iPhone = "UIInterfaceOrientationPortrait UIInterfaceOrientationLandscapeLeft UIInterfaceOrientationLandscapeRight";
				IPHONEOS_DEPLOYMENT_TARGET = 13.0;
				LD_RUNPATH_SEARCH_PATHS = (
					"$(inherited)",
					"@executable_path/Frameworks",
				);
				MARKETING_VERSION = 1.0;
				PRODUCT_BUNDLE_IDENTIFIER = "com.EugeneDudkin.PR-Invest";
				PRODUCT_NAME = "$(TARGET_NAME)";
				SWIFT_EMIT_LOC_STRINGS = YES;
				SWIFT_VERSION = 5.0;
				TARGETED_DEVICE_FAMILY = 1;
			};
			name = Release;
		};
		DF4F473727F9F0220054C3B3 /* Debug */ = {
			isa = XCBuildConfiguration;
			buildSettings = {
				ALWAYS_EMBED_SWIFT_STANDARD_LIBRARIES = YES;
				BUNDLE_LOADER = "$(TEST_HOST)";
				CODE_SIGN_STYLE = Automatic;
				CURRENT_PROJECT_VERSION = 1;
				DEVELOPMENT_TEAM = Z783FFF863;
				GENERATE_INFOPLIST_FILE = YES;
				IPHONEOS_DEPLOYMENT_TARGET = 15.4;
				MARKETING_VERSION = 1.0;
				PRODUCT_BUNDLE_IDENTIFIER = "com.EugeneDudkin.PR-InvestTests";
				PRODUCT_NAME = "$(TARGET_NAME)";
				SWIFT_EMIT_LOC_STRINGS = NO;
				SWIFT_VERSION = 5.0;
				TARGETED_DEVICE_FAMILY = "1,2";
				TEST_HOST = "$(BUILT_PRODUCTS_DIR)/PR-Invest.app/PR-Invest";
			};
			name = Debug;
		};
		DF4F473827F9F0220054C3B3 /* Release */ = {
			isa = XCBuildConfiguration;
			buildSettings = {
				ALWAYS_EMBED_SWIFT_STANDARD_LIBRARIES = YES;
				BUNDLE_LOADER = "$(TEST_HOST)";
				CODE_SIGN_STYLE = Automatic;
				CURRENT_PROJECT_VERSION = 1;
				DEVELOPMENT_TEAM = Z783FFF863;
				GENERATE_INFOPLIST_FILE = YES;
				IPHONEOS_DEPLOYMENT_TARGET = 15.4;
				MARKETING_VERSION = 1.0;
				PRODUCT_BUNDLE_IDENTIFIER = "com.EugeneDudkin.PR-InvestTests";
				PRODUCT_NAME = "$(TARGET_NAME)";
				SWIFT_EMIT_LOC_STRINGS = NO;
				SWIFT_VERSION = 5.0;
				TARGETED_DEVICE_FAMILY = "1,2";
				TEST_HOST = "$(BUILT_PRODUCTS_DIR)/PR-Invest.app/PR-Invest";
			};
			name = Release;
		};
		DF4F473A27F9F0220054C3B3 /* Debug */ = {
			isa = XCBuildConfiguration;
			buildSettings = {
				ALWAYS_EMBED_SWIFT_STANDARD_LIBRARIES = YES;
				CODE_SIGN_STYLE = Automatic;
				CURRENT_PROJECT_VERSION = 1;
				DEVELOPMENT_TEAM = Z783FFF863;
				GENERATE_INFOPLIST_FILE = YES;
				MARKETING_VERSION = 1.0;
				PRODUCT_BUNDLE_IDENTIFIER = "com.EugeneDudkin.PR-InvestUITests";
				PRODUCT_NAME = "$(TARGET_NAME)";
				SWIFT_EMIT_LOC_STRINGS = NO;
				SWIFT_VERSION = 5.0;
				TARGETED_DEVICE_FAMILY = "1,2";
				TEST_TARGET_NAME = "PR-Invest";
			};
			name = Debug;
		};
		DF4F473B27F9F0220054C3B3 /* Release */ = {
			isa = XCBuildConfiguration;
			buildSettings = {
				ALWAYS_EMBED_SWIFT_STANDARD_LIBRARIES = YES;
				CODE_SIGN_STYLE = Automatic;
				CURRENT_PROJECT_VERSION = 1;
				DEVELOPMENT_TEAM = Z783FFF863;
				GENERATE_INFOPLIST_FILE = YES;
				MARKETING_VERSION = 1.0;
				PRODUCT_BUNDLE_IDENTIFIER = "com.EugeneDudkin.PR-InvestUITests";
				PRODUCT_NAME = "$(TARGET_NAME)";
				SWIFT_EMIT_LOC_STRINGS = NO;
				SWIFT_VERSION = 5.0;
				TARGETED_DEVICE_FAMILY = "1,2";
				TEST_TARGET_NAME = "PR-Invest";
			};
			name = Release;
		};
/* End XCBuildConfiguration section */

/* Begin XCConfigurationList section */
		DF4F470127F9F0210054C3B3 /* Build configuration list for PBXProject "PR-Invest" */ = {
			isa = XCConfigurationList;
			buildConfigurations = (
				DF4F473127F9F0220054C3B3 /* Debug */,
				DF4F473227F9F0220054C3B3 /* Release */,
			);
			defaultConfigurationIsVisible = 0;
			defaultConfigurationName = Release;
		};
		DF4F473327F9F0220054C3B3 /* Build configuration list for PBXNativeTarget "PR-Invest" */ = {
			isa = XCConfigurationList;
			buildConfigurations = (
				DF4F473427F9F0220054C3B3 /* Debug */,
				DF4F473527F9F0220054C3B3 /* Release */,
			);
			defaultConfigurationIsVisible = 0;
			defaultConfigurationName = Release;
		};
		DF4F473627F9F0220054C3B3 /* Build configuration list for PBXNativeTarget "PR-InvestTests" */ = {
			isa = XCConfigurationList;
			buildConfigurations = (
				DF4F473727F9F0220054C3B3 /* Debug */,
				DF4F473827F9F0220054C3B3 /* Release */,
			);
			defaultConfigurationIsVisible = 0;
			defaultConfigurationName = Release;
		};
		DF4F473927F9F0220054C3B3 /* Build configuration list for PBXNativeTarget "PR-InvestUITests" */ = {
			isa = XCConfigurationList;
			buildConfigurations = (
				DF4F473A27F9F0220054C3B3 /* Debug */,
				DF4F473B27F9F0220054C3B3 /* Release */,
			);
			defaultConfigurationIsVisible = 0;
			defaultConfigurationName = Release;
		};
/* End XCConfigurationList section */

/* Begin XCVersionGroup section */
		DF4F471227F9F0210054C3B3 /* PR_Invest.xcdatamodeld */ = {
			isa = XCVersionGroup;
			children = (
				DF4F471327F9F0210054C3B3 /* PR_Invest.xcdatamodel */,
			);
			currentVersion = DF4F471327F9F0210054C3B3 /* PR_Invest.xcdatamodel */;
			path = PR_Invest.xcdatamodeld;
			sourceTree = "<group>";
			versionGroupType = wrapper.xcdatamodel;
		};
/* End XCVersionGroup section */
	};
	rootObject = DF4F46FE27F9F0210054C3B3 /* Project object */;
}
